
Microsoft Visual Studio Solution File, Format Version 12.00
# Visual Studio Version 17
VisualStudioVersion = 17.5.33424.131
MinimumVisualStudioVersion = 10.0.40219.1
Project("{FAE04EC0-301F-11D3-BF4B-00C04F79EFBC}") = "C#_Assignment", "C#_Assignment\C#_Assignment.csproj", "{B61C5F46-E04A-4BA0-987F-08EF76A18B2C}"
EndProject
Global
	GlobalSection(SolutionConfigurationPlatforms) = preSolution
		Debug|Any CPU = Debug|Any CPU
		Release|Any CPU = Release|Any CPU
	EndGlobalSection
	GlobalSection(ProjectConfigurationPlatforms) = postSolution
		{B61C5F46-E04A-4BA0-987F-08EF76A18B2C}.Debug|Any CPU.ActiveCfg = Debug|Any CPU
		{B61C5F46-E04A-4BA0-987F-08EF76A18B2C}.Debug|Any CPU.Build.0 = Debug|Any CPU
		{B61C5F46-E04A-4BA0-987F-08EF76A18B2C}.Release|Any CPU.ActiveCfg = Release|Any CPU
		{B61C5F46-E04A-4BA0-987F-08EF76A18B2C}.Release|Any CPU.Build.0 = Release|Any CPU
	EndGlobalSection
	GlobalSection(SolutionProperties) = preSolution
		HideSolutionNode = FALSE
	EndGlobalSection
	GlobalSection(ExtensibilityGlobals) = postSolution
		SolutionGuid = {3CA69E2E-4C02-4E65-AB5F-15099D485F31}
	EndGlobalSection
EndGlobal
